# This file is @generated by PDM.
# It is not intended for manual editing.

[metadata]
groups = ["default"]
strategy = ["inherit_metadata"]
lock_version = "4.5.0"
content_hash = "sha256:96f83913b46f39b76c81354aba41bba1c5f89912ee90450faa60aa1fab73d6b9"

[[metadata.targets]]
requires_python = ">=3.14.0a7"

[[package]]
name = "plumbum"
version = "1.9.0"
requires_python = ">=3.8"
summary = "Plumbum: shell combinators library"
groups = ["default"]
dependencies = [
    "importlib-resources; python_version < \"3.9\"",
    "pywin32; platform_system == \"Windows\" and platform_python_implementation != \"PyPy\"",
]
files = [
    {file = "plumbum-1.9.0-py3-none-any.whl", hash = "sha256:9fd0d3b0e8d86e4b581af36edf3f3bbe9d1ae15b45b8caab28de1bcb27aaa7f5"},
    {file = "plumbum-1.9.0.tar.gz", hash = "sha256:e640062b72642c3873bd5bdc3effed75ba4d3c70ef6b6a7b907357a84d909219"},
]

[[package]]
name = "pywin32"
version = "310"
summary = "Python for Window Extensions"
groups = ["default"]
marker = "platform_system == \"Windows\" and platform_python_implementation != \"PyPy\""
files = [
    {file = "pywin32-310-cp313-cp313-win32.whl", hash = "sha256:5d241a659c496ada3253cd01cfaa779b048e90ce4b2b38cd44168ad555ce74ab"},
    {file = "pywin32-310-cp313-cp313-win_amd64.whl", hash = "sha256:667827eb3a90208ddbdcc9e860c81bde63a135710e21e4cb3348968e4bd5249e"},
    {file = "pywin32-310-cp313-cp313-win_arm64.whl", hash = "sha256:e308f831de771482b7cf692a1f308f8fca701b2d8f9dde6cc440c7da17e47b33"},
]
